
Microsoft Visual Studio Solution File, Format Version 12.00
# Visual Studio Version 17
VisualStudioVersion = 17.9.34622.214
MinimumVisualStudioVersion = 10.0.40219.1
Project("{FAE04EC0-301F-11D3-BF4B-00C04F79EFBC}") = "casd_labs", "casd_labs\casd_labs.csproj", "{486B7462-B1DF-4818-83E2-8AB7FFB66BF3}"
EndProject
Global
	GlobalSection(SolutionConfigurationPlatforms) = preSolution
		Debug|Any CPU = Debug|Any CPU
		Release|Any CPU = Release|Any CPU
	EndGlobalSection
	GlobalSection(ProjectConfigurationPlatforms) = postSolution
		{486B7462-B1DF-4818-83E2-8AB7FFB66BF3}.Debug|Any CPU.ActiveCfg = Debug|Any CPU
		{486B7462-B1DF-4818-83E2-8AB7FFB66BF3}.Debug|Any CPU.Build.0 = Debug|Any CPU
		{486B7462-B1DF-4818-83E2-8AB7FFB66BF3}.Release|Any CPU.ActiveCfg = Release|Any CPU
		{486B7462-B1DF-4818-83E2-8AB7FFB66BF3}.Release|Any CPU.Build.0 = Release|Any CPU
	EndGlobalSection
	GlobalSection(SolutionProperties) = preSolution
		HideSolutionNode = FALSE
	EndGlobalSection
	GlobalSection(ExtensibilityGlobals) = postSolution
		SolutionGuid = {62330651-8F7A-496C-85F5-49553B3F8ED9}
	EndGlobalSection
EndGlobal
